
Microsoft Visual Studio Solution File, Format Version 12.00
# Visual Studio Version 17
VisualStudioVersion = 17.4.33205.214
MinimumVisualStudioVersion = 10.0.40219.1
Project("{FAE04EC0-301F-11D3-BF4B-00C04F79EFBC}") = "TimeManagmentAPI", "TimeManagmentAPI.csproj", "{1D01DDD9-3A65-4E51-A4F0-13F14CC612A7}"
EndProject
Global
	GlobalSection(SolutionConfigurationPlatforms) = preSolution
		Debug|Any CPU = Debug|Any CPU
		Release|Any CPU = Release|Any CPU
	EndGlobalSection
	GlobalSection(ProjectConfigurationPlatforms) = postSolution
		{1D01DDD9-3A65-4E51-A4F0-13F14CC612A7}.Debug|Any CPU.ActiveCfg = Debug|Any CPU
		{1D01DDD9-3A65-4E51-A4F0-13F14CC612A7}.Debug|Any CPU.Build.0 = Debug|Any CPU
		{1D01DDD9-3A65-4E51-A4F0-13F14CC612A7}.Release|Any CPU.ActiveCfg = Release|Any CPU
		{1D01DDD9-3A65-4E51-A4F0-13F14CC612A7}.Release|Any CPU.Build.0 = Release|Any CPU
	EndGlobalSection
	GlobalSection(SolutionProperties) = preSolution
		HideSolutionNode = FALSE
	EndGlobalSection
	GlobalSection(ExtensibilityGlobals) = postSolution
		SolutionGuid = {567BA55E-0D37-4355-A7B6-AD2DAEB156F0}
	EndGlobalSection
EndGlobal
